
Microsoft Visual Studio Solution File, Format Version 12.00
# Visual Studio Version 16
VisualStudioVersion = 16.0.30717.126
MinimumVisualStudioVersion = 10.0.40219.1
Project("{FAE04EC0-301F-11D3-BF4B-00C04F79EFBC}") = "BibliotecaWeb", "BibliotecaWeb\BibliotecaWeb.csproj", "{B6C9F5E5-77BD-4470-B3F9-FBCFE469FA45}"
EndProject
Global
	GlobalSection(SolutionConfigurationPlatforms) = preSolution
		Debug|Any CPU = Debug|Any CPU
		Release|Any CPU = Release|Any CPU
	EndGlobalSection
	GlobalSection(ProjectConfigurationPlatforms) = postSolution
		{B6C9F5E5-77BD-4470-B3F9-FBCFE469FA45}.Debug|Any CPU.ActiveCfg = Debug|Any CPU
		{B6C9F5E5-77BD-4470-B3F9-FBCFE469FA45}.Debug|Any CPU.Build.0 = Debug|Any CPU
		{B6C9F5E5-77BD-4470-B3F9-FBCFE469FA45}.Release|Any CPU.ActiveCfg = Release|Any CPU
		{B6C9F5E5-77BD-4470-B3F9-FBCFE469FA45}.Release|Any CPU.Build.0 = Release|Any CPU
	EndGlobalSection
	GlobalSection(SolutionProperties) = preSolution
		HideSolutionNode = FALSE
	EndGlobalSection
	GlobalSection(ExtensibilityGlobals) = postSolution
		SolutionGuid = {5DDD247B-8727-494E-B507-A669F25E664F}
	EndGlobalSection
EndGlobal
